
Microsoft Visual Studio Solution File, Format Version 12.00
# Visual Studio Version 17
VisualStudioVersion = 17.13.35825.156
MinimumVisualStudioVersion = 10.0.40219.1
Project("{FAE04EC0-301F-11D3-BF4B-00C04F79EFBC}") = "Api", "Api\Api.csproj", "{11CE0E09-A0FB-4ED4-8189-04769D44A557}"
EndProject
Project("{FAE04EC0-301F-11D3-BF4B-00C04F79EFBC}") = "Tests", "UnitTests\Tests.csproj", "{AFCF0B7A-A0C8-421D-9506-08FB0D4180CE}"
EndProject
Project("{FAE04EC0-301F-11D3-BF4B-00C04F79EFBC}") = "Core", "Core\Core.csproj", "{4517B9C7-C359-4220-9F63-5F680869D9F5}"
EndProject
Project("{FAE04EC0-301F-11D3-BF4B-00C04F79EFBC}") = "Application", "Application\Application.csproj", "{E81189AE-136B-49D1-8F33-336BE7CA491F}"
EndProject
Project("{FAE04EC0-301F-11D3-BF4B-00C04F79EFBC}") = "Infrastructure", "Infrastructure\Infrastructure.csproj", "{6843EE18-1D20-45FA-AB08-CAA8C7833A27}"
EndProject
Global
	GlobalSection(SolutionConfigurationPlatforms) = preSolution
		Debug|Any CPU = Debug|Any CPU
		Release|Any CPU = Release|Any CPU
		Test|Any CPU = Test|Any CPU
	EndGlobalSection
	GlobalSection(ProjectConfigurationPlatforms) = postSolution
		{11CE0E09-A0FB-4ED4-8189-04769D44A557}.Debug|Any CPU.ActiveCfg = Debug|Any CPU
		{11CE0E09-A0FB-4ED4-8189-04769D44A557}.Debug|Any CPU.Build.0 = Debug|Any CPU
		{11CE0E09-A0FB-4ED4-8189-04769D44A557}.Release|Any CPU.ActiveCfg = Release|Any CPU
		{11CE0E09-A0FB-4ED4-8189-04769D44A557}.Release|Any CPU.Build.0 = Release|Any CPU
		{11CE0E09-A0FB-4ED4-8189-04769D44A557}.Test|Any CPU.ActiveCfg = TEST|Any CPU
		{11CE0E09-A0FB-4ED4-8189-04769D44A557}.Test|Any CPU.Build.0 = TEST|Any CPU
		{AFCF0B7A-A0C8-421D-9506-08FB0D4180CE}.Debug|Any CPU.ActiveCfg = Debug|Any CPU
		{AFCF0B7A-A0C8-421D-9506-08FB0D4180CE}.Debug|Any CPU.Build.0 = Debug|Any CPU
		{AFCF0B7A-A0C8-421D-9506-08FB0D4180CE}.Release|Any CPU.ActiveCfg = Release|Any CPU
		{AFCF0B7A-A0C8-421D-9506-08FB0D4180CE}.Release|Any CPU.Build.0 = Release|Any CPU
		{AFCF0B7A-A0C8-421D-9506-08FB0D4180CE}.Test|Any CPU.ActiveCfg = TEST|Any CPU
		{AFCF0B7A-A0C8-421D-9506-08FB0D4180CE}.Test|Any CPU.Build.0 = TEST|Any CPU
		{4517B9C7-C359-4220-9F63-5F680869D9F5}.Debug|Any CPU.ActiveCfg = Debug|Any CPU
		{4517B9C7-C359-4220-9F63-5F680869D9F5}.Debug|Any CPU.Build.0 = Debug|Any CPU
		{4517B9C7-C359-4220-9F63-5F680869D9F5}.Release|Any CPU.ActiveCfg = Release|Any CPU
		{4517B9C7-C359-4220-9F63-5F680869D9F5}.Release|Any CPU.Build.0 = Release|Any CPU
		{4517B9C7-C359-4220-9F63-5F680869D9F5}.Test|Any CPU.ActiveCfg = TEST|Any CPU
		{4517B9C7-C359-4220-9F63-5F680869D9F5}.Test|Any CPU.Build.0 = TEST|Any CPU
		{E81189AE-136B-49D1-8F33-336BE7CA491F}.Debug|Any CPU.ActiveCfg = Debug|Any CPU
		{E81189AE-136B-49D1-8F33-336BE7CA491F}.Debug|Any CPU.Build.0 = Debug|Any CPU
		{E81189AE-136B-49D1-8F33-336BE7CA491F}.Release|Any CPU.ActiveCfg = Release|Any CPU
		{E81189AE-136B-49D1-8F33-336BE7CA491F}.Release|Any CPU.Build.0 = Release|Any CPU
		{E81189AE-136B-49D1-8F33-336BE7CA491F}.Test|Any CPU.ActiveCfg = TEST|Any CPU
		{E81189AE-136B-49D1-8F33-336BE7CA491F}.Test|Any CPU.Build.0 = TEST|Any CPU
		{6843EE18-1D20-45FA-AB08-CAA8C7833A27}.Debug|Any CPU.ActiveCfg = Debug|Any CPU
		{6843EE18-1D20-45FA-AB08-CAA8C7833A27}.Debug|Any CPU.Build.0 = Debug|Any CPU
		{6843EE18-1D20-45FA-AB08-CAA8C7833A27}.Release|Any CPU.ActiveCfg = Release|Any CPU
		{6843EE18-1D20-45FA-AB08-CAA8C7833A27}.Release|Any CPU.Build.0 = Release|Any CPU
		{6843EE18-1D20-45FA-AB08-CAA8C7833A27}.Test|Any CPU.ActiveCfg = TEST|Any CPU
		{6843EE18-1D20-45FA-AB08-CAA8C7833A27}.Test|Any CPU.Build.0 = TEST|Any CPU
	EndGlobalSection
	GlobalSection(SolutionProperties) = preSolution
		HideSolutionNode = FALSE
	EndGlobalSection
	GlobalSection(ExtensibilityGlobals) = postSolution
		SolutionGuid = {A9E50E2D-6ACE-4CB3-91D1-264D6B6279F8}
	EndGlobalSection
EndGlobal
